<?xml version="1.0" encoding="utf-8"?>
<Project ToolsVersion="4.0" xmlns="http://schemas.microsoft.com/developer/msbuild/2003">
  <ItemGroup>
    <Filter Include="Source Files">
      <UniqueIdentifier>{4FC737F1-C7A5-4376-A066-2A32D752A2FF}</UniqueIdentifier>
      <Extensions>cpp;c;cc;cxx;def;odl;idl;hpj;bat;asm;asmx</Extensions>
    </Filter>
    <Filter Include="Header Files">
      <UniqueIdentifier>{93995380-89BD-4b04-88EB-625FBE52EBFB}</UniqueIdentifier>
      <Extensions>h;hh;hpp;hxx;hm;inl;inc;ipp;xsd</Extensions>
    </Filter>
    <Filter Include="ConsoleMenu">
      <UniqueIdentifier>{c1156b7e-9307-4887-a5d2-068037f5d3ca}</UniqueIdentifier>
    </Filter>
  </ItemGroup>
  <ItemGroup>
    <ClCompile Include="Main.cpp">
      <Filter>Source Files</Filter>
    </ClCompile>
    <ClCompile Include="ConsoleMenu\Button.cpp">
      <Filter>ConsoleMenu</Filter>
    </ClCompile>
    <ClCompile Include="ConsoleMenu\Menu.cpp">
      <Filter>ConsoleMenu</Filter>
    </ClCompile>
    <ClCompile Include="ConsoleMenu\ProgressBar.cpp">
      <Filter>ConsoleMenu</Filter>
    </ClCompile>
  </ItemGroup>
  <ItemGroup>
    <ClInclude Include="ConsoleMenu\Button.h">
      <Filter>ConsoleMenu</Filter>
    </ClInclude>
    <ClInclude Include="ConsoleMenu\Color.h">
      <Filter>ConsoleMenu</Filter>
    </ClInclude>
    <ClInclude Include="ConsoleMenu\Menu.h">
      <Filter>ConsoleMenu</Filter>
    </ClInclude>
    <ClInclude Include="ConsoleMenu\ProgressBar.h">
      <Filter>ConsoleMenu</Filter>
    </ClInclude>
  </ItemGroup>
</Project>